
Microsoft Visual Studio Solution File, Format Version 12.00
# Visual Studio 2012
Project("{FAE04EC0-301F-11D3-BF4B-00C04F79EFBC}") = "Haneke", "Haneke\Haneke.csproj", "{04CF5930-7308-4BD2-95C3-9C9E611025BA}"
EndProject
Project("{FAE04EC0-301F-11D3-BF4B-00C04F79EFBC}") = "PagingView", "PagingView\PagingView.csproj", "{1A3E2B60-7F0B-44A2-B215-BB8B1181B560}"
EndProject
Project("{2150E333-8FDC-42A3-9474-1A3956D46DE8}") = "Samples", "Samples", "{2721FA08-160E-4BD0-AF61-7B9C8375BEBE}"
EndProject
Project("{FAE04EC0-301F-11D3-BF4B-00C04F79EFBC}") = "PagingViewSample", "Samples\PagingViewSample\PagingViewSample.csproj", "{68578DC9-FC20-468F-8D92-4C21F30AAC97}"
EndProject
Project("{FAE04EC0-301F-11D3-BF4B-00C04F79EFBC}") = "HanekeSample", "Samples\HanekeSample\HanekeSample.csproj", "{86C9837D-421D-4F01-89EB-9D1592ECE5E2}"
EndProject
Project("{FAE04EC0-301F-11D3-BF4B-00C04F79EFBC}") = "NotificationHubSample", "Samples\NotificationHubSample\NotificationHubSample.csproj", "{BF1048B2-E2F9-40F6-B728-DC6DD0C66494}"
EndProject
Project("{FAE04EC0-301F-11D3-BF4B-00C04F79EFBC}") = "ChameleonSample", "Samples\ChameleonSample\ChameleonSample.csproj", "{4CFE58D9-5C94-4D5F-A0EA-61D2B5A26199}"
EndProject
Project("{FAE04EC0-301F-11D3-BF4B-00C04F79EFBC}") = "PopSample", "Samples\PopSample\PopSample.csproj", "{6F66213C-631E-4989-A97B-C55C6A732569}"
EndProject
Project("{FAE04EC0-301F-11D3-BF4B-00C04F79EFBC}") = "AsyncDisplayKitSample", "Samples\AsyncDisplayKitSample\AsyncDisplayKitSample.csproj", "{10DCE90B-B40B-4458-B544-8008592B075C}"
EndProject
Project("{FAE04EC0-301F-11D3-BF4B-00C04F79EFBC}") = "NotificationHub", "NotificationHub\NotificationHub.csproj", "{D785964C-F62E-42B9-9620-F9F10C45BCF5}"
EndProject
Project("{FAE04EC0-301F-11D3-BF4B-00C04F79EFBC}") = "Chameleon", "Chameleon\Chameleon.csproj", "{ADEB2B5F-3D45-487E-8976-052C0DF31612}"
EndProject
Project("{FAE04EC0-301F-11D3-BF4B-00C04F79EFBC}") = "Pop", "Pop\Pop.csproj", "{E1270603-6091-416A-85C1-544D2A63DFD8}"
EndProject
Project("{FAE04EC0-301F-11D3-BF4B-00C04F79EFBC}") = "AsyncDisplayKit", "AsyncDisplayKit\AsyncDisplayKit.csproj", "{B57A92F0-8845-49CF-829D-D5CA03271D0C}"
EndProject
Global
	GlobalSection(SolutionConfigurationPlatforms) = preSolution
		Debug|Any CPU = Debug|Any CPU
		Release|Any CPU = Release|Any CPU
		Debug|iPhoneSimulator = Debug|iPhoneSimulator
		Release|iPhoneSimulator = Release|iPhoneSimulator
		Debug|iPhone = Debug|iPhone
		Release|iPhone = Release|iPhone
		Ad-Hoc|iPhone = Ad-Hoc|iPhone
		AppStore|iPhone = AppStore|iPhone
	EndGlobalSection
	GlobalSection(ProjectConfigurationPlatforms) = postSolution
		{04CF5930-7308-4BD2-95C3-9C9E611025BA}.Ad-Hoc|iPhone.ActiveCfg = Debug|Any CPU
		{04CF5930-7308-4BD2-95C3-9C9E611025BA}.Ad-Hoc|iPhone.Build.0 = Debug|Any CPU
		{04CF5930-7308-4BD2-95C3-9C9E611025BA}.AppStore|iPhone.ActiveCfg = Debug|Any CPU
		{04CF5930-7308-4BD2-95C3-9C9E611025BA}.AppStore|iPhone.Build.0 = Debug|Any CPU
		{04CF5930-7308-4BD2-95C3-9C9E611025BA}.Debug|Any CPU.ActiveCfg = Debug|Any CPU
		{04CF5930-7308-4BD2-95C3-9C9E611025BA}.Debug|Any CPU.Build.0 = Debug|Any CPU
		{04CF5930-7308-4BD2-95C3-9C9E611025BA}.Debug|iPhone.ActiveCfg = Debug|Any CPU
		{04CF5930-7308-4BD2-95C3-9C9E611025BA}.Debug|iPhone.Build.0 = Debug|Any CPU
		{04CF5930-7308-4BD2-95C3-9C9E611025BA}.Debug|iPhoneSimulator.ActiveCfg = Debug|Any CPU
		{04CF5930-7308-4BD2-95C3-9C9E611025BA}.Debug|iPhoneSimulator.Build.0 = Debug|Any CPU
		{04CF5930-7308-4BD2-95C3-9C9E611025BA}.Release|Any CPU.ActiveCfg = Release|Any CPU
		{04CF5930-7308-4BD2-95C3-9C9E611025BA}.Release|Any CPU.Build.0 = Release|Any CPU
		{04CF5930-7308-4BD2-95C3-9C9E611025BA}.Release|iPhone.ActiveCfg = Release|Any CPU
		{04CF5930-7308-4BD2-95C3-9C9E611025BA}.Release|iPhone.Build.0 = Release|Any CPU
		{04CF5930-7308-4BD2-95C3-9C9E611025BA}.Release|iPhoneSimulator.ActiveCfg = Release|Any CPU
		{04CF5930-7308-4BD2-95C3-9C9E611025BA}.Release|iPhoneSimulator.Build.0 = Release|Any CPU
		{10DCE90B-B40B-4458-B544-8008592B075C}.Ad-Hoc|iPhone.ActiveCfg = Ad-Hoc|iPhone
		{10DCE90B-B40B-4458-B544-8008592B075C}.Ad-Hoc|iPhone.Build.0 = Ad-Hoc|iPhone
		{10DCE90B-B40B-4458-B544-8008592B075C}.AppStore|iPhone.ActiveCfg = AppStore|iPhone
		{10DCE90B-B40B-4458-B544-8008592B075C}.AppStore|iPhone.Build.0 = AppStore|iPhone
		{10DCE90B-B40B-4458-B544-8008592B075C}.Debug|Any CPU.ActiveCfg = Debug|iPhoneSimulator
		{10DCE90B-B40B-4458-B544-8008592B075C}.Debug|Any CPU.Build.0 = Debug|iPhoneSimulator
		{10DCE90B-B40B-4458-B544-8008592B075C}.Debug|iPhone.ActiveCfg = Debug|iPhone
		{10DCE90B-B40B-4458-B544-8008592B075C}.Debug|iPhone.Build.0 = Debug|iPhone
		{10DCE90B-B40B-4458-B544-8008592B075C}.Debug|iPhoneSimulator.ActiveCfg = Debug|iPhoneSimulator
		{10DCE90B-B40B-4458-B544-8008592B075C}.Debug|iPhoneSimulator.Build.0 = Debug|iPhoneSimulator
		{10DCE90B-B40B-4458-B544-8008592B075C}.Release|Any CPU.ActiveCfg = Release|iPhoneSimulator
		{10DCE90B-B40B-4458-B544-8008592B075C}.Release|Any CPU.Build.0 = Release|iPhoneSimulator
		{10DCE90B-B40B-4458-B544-8008592B075C}.Release|iPhone.ActiveCfg = Release|iPhone
		{10DCE90B-B40B-4458-B544-8008592B075C}.Release|iPhone.Build.0 = Release|iPhone
		{10DCE90B-B40B-4458-B544-8008592B075C}.Release|iPhoneSimulator.ActiveCfg = Release|iPhoneSimulator
		{10DCE90B-B40B-4458-B544-8008592B075C}.Release|iPhoneSimulator.Build.0 = Release|iPhoneSimulator
		{1A3E2B60-7F0B-44A2-B215-BB8B1181B560}.Ad-Hoc|iPhone.ActiveCfg = Release|Any CPU
		{1A3E2B60-7F0B-44A2-B215-BB8B1181B560}.Ad-Hoc|iPhone.Build.0 = Release|Any CPU
		{1A3E2B60-7F0B-44A2-B215-BB8B1181B560}.AppStore|iPhone.ActiveCfg = Release|Any CPU
		{1A3E2B60-7F0B-44A2-B215-BB8B1181B560}.AppStore|iPhone.Build.0 = Release|Any CPU
		{1A3E2B60-7F0B-44A2-B215-BB8B1181B560}.Debug|Any CPU.ActiveCfg = Debug|Any CPU
		{1A3E2B60-7F0B-44A2-B215-BB8B1181B560}.Debug|Any CPU.Build.0 = Debug|Any CPU
		{1A3E2B60-7F0B-44A2-B215-BB8B1181B560}.Debug|iPhone.ActiveCfg = Debug|Any CPU
		{1A3E2B60-7F0B-44A2-B215-BB8B1181B560}.Debug|iPhone.Build.0 = Debug|Any CPU
		{1A3E2B60-7F0B-44A2-B215-BB8B1181B560}.Debug|iPhoneSimulator.ActiveCfg = Debug|Any CPU
		{1A3E2B60-7F0B-44A2-B215-BB8B1181B560}.Debug|iPhoneSimulator.Build.0 = Debug|Any CPU
		{1A3E2B60-7F0B-44A2-B215-BB8B1181B560}.Release|Any CPU.ActiveCfg = Release|Any CPU
		{1A3E2B60-7F0B-44A2-B215-BB8B1181B560}.Release|Any CPU.Build.0 = Release|Any CPU
		{1A3E2B60-7F0B-44A2-B215-BB8B1181B560}.Release|iPhone.ActiveCfg = Release|Any CPU
		{1A3E2B60-7F0B-44A2-B215-BB8B1181B560}.Release|iPhone.Build.0 = Release|Any CPU
		{1A3E2B60-7F0B-44A2-B215-BB8B1181B560}.Release|iPhoneSimulator.ActiveCfg = Release|Any CPU
		{1A3E2B60-7F0B-44A2-B215-BB8B1181B560}.Release|iPhoneSimulator.Build.0 = Release|Any CPU
		{4CFE58D9-5C94-4D5F-A0EA-61D2B5A26199}.Ad-Hoc|iPhone.ActiveCfg = Ad-Hoc|iPhone
		{4CFE58D9-5C94-4D5F-A0EA-61D2B5A26199}.Ad-Hoc|iPhone.Build.0 = Ad-Hoc|iPhone
		{4CFE58D9-5C94-4D5F-A0EA-61D2B5A26199}.AppStore|iPhone.ActiveCfg = AppStore|iPhone
		{4CFE58D9-5C94-4D5F-A0EA-61D2B5A26199}.AppStore|iPhone.Build.0 = AppStore|iPhone
		{4CFE58D9-5C94-4D5F-A0EA-61D2B5A26199}.Debug|Any CPU.ActiveCfg = Debug|iPhoneSimulator
		{4CFE58D9-5C94-4D5F-A0EA-61D2B5A26199}.Debug|Any CPU.Build.0 = Debug|iPhoneSimulator
		{4CFE58D9-5C94-4D5F-A0EA-61D2B5A26199}.Debug|iPhone.ActiveCfg = Debug|iPhone
		{4CFE58D9-5C94-4D5F-A0EA-61D2B5A26199}.Debug|iPhone.Build.0 = Debug|iPhone
		{4CFE58D9-5C94-4D5F-A0EA-61D2B5A26199}.Debug|iPhoneSimulator.ActiveCfg = Debug|iPhoneSimulator
		{4CFE58D9-5C94-4D5F-A0EA-61D2B5A26199}.Debug|iPhoneSimulator.Build.0 = Debug|iPhoneSimulator
		{4CFE58D9-5C94-4D5F-A0EA-61D2B5A26199}.Release|Any CPU.ActiveCfg = Release|iPhoneSimulator
		{4CFE58D9-5C94-4D5F-A0EA-61D2B5A26199}.Release|Any CPU.Build.0 = Release|iPhoneSimulator
		{4CFE58D9-5C94-4D5F-A0EA-61D2B5A26199}.Release|iPhone.ActiveCfg = Release|iPhone
		{4CFE58D9-5C94-4D5F-A0EA-61D2B5A26199}.Release|iPhone.Build.0 = Release|iPhone
		{4CFE58D9-5C94-4D5F-A0EA-61D2B5A26199}.Release|iPhoneSimulator.ActiveCfg = Release|iPhoneSimulator
		{4CFE58D9-5C94-4D5F-A0EA-61D2B5A26199}.Release|iPhoneSimulator.Build.0 = Release|iPhoneSimulator
		{68578DC9-FC20-468F-8D92-4C21F30AAC97}.Ad-Hoc|iPhone.ActiveCfg = Ad-Hoc|iPhone
		{68578DC9-FC20-468F-8D92-4C21F30AAC97}.Ad-Hoc|iPhone.Build.0 = Ad-Hoc|iPhone
		{68578DC9-FC20-468F-8D92-4C21F30AAC97}.AppStore|iPhone.ActiveCfg = AppStore|iPhone
		{68578DC9-FC20-468F-8D92-4C21F30AAC97}.AppStore|iPhone.Build.0 = AppStore|iPhone
		{68578DC9-FC20-468F-8D92-4C21F30AAC97}.Debug|Any CPU.ActiveCfg = Debug|iPhoneSimulator
		{68578DC9-FC20-468F-8D92-4C21F30AAC97}.Debug|Any CPU.Build.0 = Debug|iPhoneSimulator
		{68578DC9-FC20-468F-8D92-4C21F30AAC97}.Debug|iPhone.ActiveCfg = Debug|iPhone
		{68578DC9-FC20-468F-8D92-4C21F30AAC97}.Debug|iPhone.Build.0 = Debug|iPhone
		{68578DC9-FC20-468F-8D92-4C21F30AAC97}.Debug|iPhoneSimulator.ActiveCfg = Debug|iPhoneSimulator
		{68578DC9-FC20-468F-8D92-4C21F30AAC97}.Debug|iPhoneSimulator.Build.0 = Debug|iPhoneSimulator
		{68578DC9-FC20-468F-8D92-4C21F30AAC97}.Release|Any CPU.ActiveCfg = Release|iPhoneSimulator
		{68578DC9-FC20-468F-8D92-4C21F30AAC97}.Release|Any CPU.Build.0 = Release|iPhoneSimulator
		{68578DC9-FC20-468F-8D92-4C21F30AAC97}.Release|iPhone.ActiveCfg = Release|iPhone
		{68578DC9-FC20-468F-8D92-4C21F30AAC97}.Release|iPhone.Build.0 = Release|iPhone
		{68578DC9-FC20-468F-8D92-4C21F30AAC97}.Release|iPhoneSimulator.ActiveCfg = Release|iPhoneSimulator
		{68578DC9-FC20-468F-8D92-4C21F30AAC97}.Release|iPhoneSimulator.Build.0 = Release|iPhoneSimulator
		{6F66213C-631E-4989-A97B-C55C6A732569}.Ad-Hoc|iPhone.ActiveCfg = Ad-Hoc|iPhone
		{6F66213C-631E-4989-A97B-C55C6A732569}.Ad-Hoc|iPhone.Build.0 = Ad-Hoc|iPhone
		{6F66213C-631E-4989-A97B-C55C6A732569}.AppStore|iPhone.ActiveCfg = AppStore|iPhone
		{6F66213C-631E-4989-A97B-C55C6A732569}.AppStore|iPhone.Build.0 = AppStore|iPhone
		{6F66213C-631E-4989-A97B-C55C6A732569}.Debug|Any CPU.ActiveCfg = Debug|iPhoneSimulator
		{6F66213C-631E-4989-A97B-C55C6A732569}.Debug|Any CPU.Build.0 = Debug|iPhoneSimulator
		{6F66213C-631E-4989-A97B-C55C6A732569}.Debug|iPhone.ActiveCfg = Debug|iPhone
		{6F66213C-631E-4989-A97B-C55C6A732569}.Debug|iPhone.Build.0 = Debug|iPhone
		{6F66213C-631E-4989-A97B-C55C6A732569}.Debug|iPhoneSimulator.ActiveCfg = Debug|iPhoneSimulator
		{6F66213C-631E-4989-A97B-C55C6A732569}.Debug|iPhoneSimulator.Build.0 = Debug|iPhoneSimulator
		{6F66213C-631E-4989-A97B-C55C6A732569}.Release|Any CPU.ActiveCfg = Release|iPhoneSimulator
		{6F66213C-631E-4989-A97B-C55C6A732569}.Release|Any CPU.Build.0 = Release|iPhoneSimulator
		{6F66213C-631E-4989-A97B-C55C6A732569}.Release|iPhone.ActiveCfg = Release|iPhone
		{6F66213C-631E-4989-A97B-C55C6A732569}.Release|iPhone.Build.0 = Release|iPhone
		{6F66213C-631E-4989-A97B-C55C6A732569}.Release|iPhoneSimulator.ActiveCfg = Release|iPhoneSimulator
		{6F66213C-631E-4989-A97B-C55C6A732569}.Release|iPhoneSimulator.Build.0 = Release|iPhoneSimulator
		{86C9837D-421D-4F01-89EB-9D1592ECE5E2}.Ad-Hoc|iPhone.ActiveCfg = Ad-Hoc|iPhone
		{86C9837D-421D-4F01-89EB-9D1592ECE5E2}.Ad-Hoc|iPhone.Build.0 = Ad-Hoc|iPhone
		{86C9837D-421D-4F01-89EB-9D1592ECE5E2}.AppStore|iPhone.ActiveCfg = AppStore|iPhone
		{86C9837D-421D-4F01-89EB-9D1592ECE5E2}.AppStore|iPhone.Build.0 = AppStore|iPhone
		{86C9837D-421D-4F01-89EB-9D1592ECE5E2}.Debug|Any CPU.ActiveCfg = Debug|iPhoneSimulator
		{86C9837D-421D-4F01-89EB-9D1592ECE5E2}.Debug|Any CPU.Build.0 = Debug|iPhoneSimulator
		{86C9837D-421D-4F01-89EB-9D1592ECE5E2}.Debug|iPhone.ActiveCfg = Debug|iPhone
		{86C9837D-421D-4F01-89EB-9D1592ECE5E2}.Debug|iPhone.Build.0 = Debug|iPhone
		{86C9837D-421D-4F01-89EB-9D1592ECE5E2}.Debug|iPhoneSimulator.ActiveCfg = Debug|iPhoneSimulator
		{86C9837D-421D-4F01-89EB-9D1592ECE5E2}.Debug|iPhoneSimulator.Build.0 = Debug|iPhoneSimulator
		{86C9837D-421D-4F01-89EB-9D1592ECE5E2}.Release|Any CPU.ActiveCfg = Release|iPhoneSimulator
		{86C9837D-421D-4F01-89EB-9D1592ECE5E2}.Release|Any CPU.Build.0 = Release|iPhoneSimulator
		{86C9837D-421D-4F01-89EB-9D1592ECE5E2}.Release|iPhone.ActiveCfg = Release|iPhone
		{86C9837D-421D-4F01-89EB-9D1592ECE5E2}.Release|iPhone.Build.0 = Release|iPhone
		{86C9837D-421D-4F01-89EB-9D1592ECE5E2}.Release|iPhoneSimulator.ActiveCfg = Release|iPhoneSimulator
		{86C9837D-421D-4F01-89EB-9D1592ECE5E2}.Release|iPhoneSimulator.Build.0 = Release|iPhoneSimulator
		{ADEB2B5F-3D45-487E-8976-052C0DF31612}.Ad-Hoc|iPhone.ActiveCfg = Release|Any CPU
		{ADEB2B5F-3D45-487E-8976-052C0DF31612}.Ad-Hoc|iPhone.Build.0 = Release|Any CPU
		{ADEB2B5F-3D45-487E-8976-052C0DF31612}.AppStore|iPhone.ActiveCfg = Release|Any CPU
		{ADEB2B5F-3D45-487E-8976-052C0DF31612}.AppStore|iPhone.Build.0 = Release|Any CPU
		{ADEB2B5F-3D45-487E-8976-052C0DF31612}.Debug|Any CPU.ActiveCfg = Debug|Any CPU
		{ADEB2B5F-3D45-487E-8976-052C0DF31612}.Debug|Any CPU.Build.0 = Debug|Any CPU
		{ADEB2B5F-3D45-487E-8976-052C0DF31612}.Debug|iPhone.ActiveCfg = Debug|Any CPU
		{ADEB2B5F-3D45-487E-8976-052C0DF31612}.Debug|iPhone.Build.0 = Debug|Any CPU
		{ADEB2B5F-3D45-487E-8976-052C0DF31612}.Debug|iPhoneSimulator.ActiveCfg = Debug|Any CPU
		{ADEB2B5F-3D45-487E-8976-052C0DF31612}.Debug|iPhoneSimulator.Build.0 = Debug|Any CPU
		{ADEB2B5F-3D45-487E-8976-052C0DF31612}.Release|Any CPU.ActiveCfg = Release|Any CPU
		{ADEB2B5F-3D45-487E-8976-052C0DF31612}.Release|Any CPU.Build.0 = Release|Any CPU
		{ADEB2B5F-3D45-487E-8976-052C0DF31612}.Release|iPhone.ActiveCfg = Release|Any CPU
		{ADEB2B5F-3D45-487E-8976-052C0DF31612}.Release|iPhone.Build.0 = Release|Any CPU
		{ADEB2B5F-3D45-487E-8976-052C0DF31612}.Release|iPhoneSimulator.ActiveCfg = Release|Any CPU
		{ADEB2B5F-3D45-487E-8976-052C0DF31612}.Release|iPhoneSimulator.Build.0 = Release|Any CPU
		{B57A92F0-8845-49CF-829D-D5CA03271D0C}.Ad-Hoc|iPhone.ActiveCfg = Release|Any CPU
		{B57A92F0-8845-49CF-829D-D5CA03271D0C}.Ad-Hoc|iPhone.Build.0 = Release|Any CPU
		{B57A92F0-8845-49CF-829D-D5CA03271D0C}.AppStore|iPhone.ActiveCfg = Release|Any CPU
		{B57A92F0-8845-49CF-829D-D5CA03271D0C}.AppStore|iPhone.Build.0 = Release|Any CPU
		{B57A92F0-8845-49CF-829D-D5CA03271D0C}.Debug|Any CPU.ActiveCfg = Debug|Any CPU
		{B57A92F0-8845-49CF-829D-D5CA03271D0C}.Debug|Any CPU.Build.0 = Debug|Any CPU
		{B57A92F0-8845-49CF-829D-D5CA03271D0C}.Debug|iPhone.ActiveCfg = Debug|Any CPU
		{B57A92F0-8845-49CF-829D-D5CA03271D0C}.Debug|iPhone.Build.0 = Debug|Any CPU
		{B57A92F0-8845-49CF-829D-D5CA03271D0C}.Debug|iPhoneSimulator.ActiveCfg = Debug|Any CPU
		{B57A92F0-8845-49CF-829D-D5CA03271D0C}.Debug|iPhoneSimulator.Build.0 = Debug|Any CPU
		{B57A92F0-8845-49CF-829D-D5CA03271D0C}.Release|Any CPU.ActiveCfg = Release|Any CPU
		{B57A92F0-8845-49CF-829D-D5CA03271D0C}.Release|Any CPU.Build.0 = Release|Any CPU
		{B57A92F0-8845-49CF-829D-D5CA03271D0C}.Release|iPhone.ActiveCfg = Release|Any CPU
		{B57A92F0-8845-49CF-829D-D5CA03271D0C}.Release|iPhone.Build.0 = Release|Any CPU
		{B57A92F0-8845-49CF-829D-D5CA03271D0C}.Release|iPhoneSimulator.ActiveCfg = Release|Any CPU
		{B57A92F0-8845-49CF-829D-D5CA03271D0C}.Release|iPhoneSimulator.Build.0 = Release|Any CPU
		{BF1048B2-E2F9-40F6-B728-DC6DD0C66494}.Ad-Hoc|iPhone.ActiveCfg = Ad-Hoc|iPhone
		{BF1048B2-E2F9-40F6-B728-DC6DD0C66494}.Ad-Hoc|iPhone.Build.0 = Ad-Hoc|iPhone
		{BF1048B2-E2F9-40F6-B728-DC6DD0C66494}.AppStore|iPhone.ActiveCfg = AppStore|iPhone
		{BF1048B2-E2F9-40F6-B728-DC6DD0C66494}.AppStore|iPhone.Build.0 = AppStore|iPhone
		{BF1048B2-E2F9-40F6-B728-DC6DD0C66494}.Debug|Any CPU.ActiveCfg = Debug|iPhoneSimulator
		{BF1048B2-E2F9-40F6-B728-DC6DD0C66494}.Debug|Any CPU.Build.0 = Debug|iPhoneSimulator
		{BF1048B2-E2F9-40F6-B728-DC6DD0C66494}.Debug|iPhone.ActiveCfg = Debug|iPhone
		{BF1048B2-E2F9-40F6-B728-DC6DD0C66494}.Debug|iPhone.Build.0 = Debug|iPhone
		{BF1048B2-E2F9-40F6-B728-DC6DD0C66494}.Debug|iPhoneSimulator.ActiveCfg = Debug|iPhoneSimulator
		{BF1048B2-E2F9-40F6-B728-DC6DD0C66494}.Debug|iPhoneSimulator.Build.0 = Debug|iPhoneSimulator
		{BF1048B2-E2F9-40F6-B728-DC6DD0C66494}.Release|Any CPU.ActiveCfg = Release|iPhoneSimulator
		{BF1048B2-E2F9-40F6-B728-DC6DD0C66494}.Release|Any CPU.Build.0 = Release|iPhoneSimulator
		{BF1048B2-E2F9-40F6-B728-DC6DD0C66494}.Release|iPhone.ActiveCfg = Release|iPhone
		{BF1048B2-E2F9-40F6-B728-DC6DD0C66494}.Release|iPhone.Build.0 = Release|iPhone
		{BF1048B2-E2F9-40F6-B728-DC6DD0C66494}.Release|iPhoneSimulator.ActiveCfg = Release|iPhoneSimulator
		{BF1048B2-E2F9-40F6-B728-DC6DD0C66494}.Release|iPhoneSimulator.Build.0 = Release|iPhoneSimulator
		{D785964C-F62E-42B9-9620-F9F10C45BCF5}.Ad-Hoc|iPhone.ActiveCfg = Release|Any CPU
		{D785964C-F62E-42B9-9620-F9F10C45BCF5}.Ad-Hoc|iPhone.Build.0 = Release|Any CPU
		{D785964C-F62E-42B9-9620-F9F10C45BCF5}.AppStore|iPhone.ActiveCfg = Release|Any CPU
		{D785964C-F62E-42B9-9620-F9F10C45BCF5}.AppStore|iPhone.Build.0 = Release|Any CPU
		{D785964C-F62E-42B9-9620-F9F10C45BCF5}.Debug|Any CPU.ActiveCfg = Debug|Any CPU
		{D785964C-F62E-42B9-9620-F9F10C45BCF5}.Debug|Any CPU.Build.0 = Debug|Any CPU
		{D785964C-F62E-42B9-9620-F9F10C45BCF5}.Debug|iPhone.ActiveCfg = Debug|Any CPU
		{D785964C-F62E-42B9-9620-F9F10C45BCF5}.Debug|iPhone.Build.0 = Debug|Any CPU
		{D785964C-F62E-42B9-9620-F9F10C45BCF5}.Debug|iPhoneSimulator.ActiveCfg = Debug|Any CPU
		{D785964C-F62E-42B9-9620-F9F10C45BCF5}.Debug|iPhoneSimulator.Build.0 = Debug|Any CPU
		{D785964C-F62E-42B9-9620-F9F10C45BCF5}.Release|Any CPU.ActiveCfg = Release|Any CPU
		{D785964C-F62E-42B9-9620-F9F10C45BCF5}.Release|Any CPU.Build.0 = Release|Any CPU
		{D785964C-F62E-42B9-9620-F9F10C45BCF5}.Release|iPhone.ActiveCfg = Release|Any CPU
		{D785964C-F62E-42B9-9620-F9F10C45BCF5}.Release|iPhone.Build.0 = Release|Any CPU
		{D785964C-F62E-42B9-9620-F9F10C45BCF5}.Release|iPhoneSimulator.ActiveCfg = Release|Any CPU
		{D785964C-F62E-42B9-9620-F9F10C45BCF5}.Release|iPhoneSimulator.Build.0 = Release|Any CPU
		{E1270603-6091-416A-85C1-544D2A63DFD8}.Ad-Hoc|iPhone.ActiveCfg = Release|Any CPU
		{E1270603-6091-416A-85C1-544D2A63DFD8}.Ad-Hoc|iPhone.Build.0 = Release|Any CPU
		{E1270603-6091-416A-85C1-544D2A63DFD8}.AppStore|iPhone.ActiveCfg = Release|Any CPU
		{E1270603-6091-416A-85C1-544D2A63DFD8}.AppStore|iPhone.Build.0 = Release|Any CPU
		{E1270603-6091-416A-85C1-544D2A63DFD8}.Debug|Any CPU.ActiveCfg = Debug|Any CPU
		{E1270603-6091-416A-85C1-544D2A63DFD8}.Debug|Any CPU.Build.0 = Debug|Any CPU
		{E1270603-6091-416A-85C1-544D2A63DFD8}.Debug|iPhone.ActiveCfg = Debug|Any CPU
		{E1270603-6091-416A-85C1-544D2A63DFD8}.Debug|iPhone.Build.0 = Debug|Any CPU
		{E1270603-6091-416A-85C1-544D2A63DFD8}.Debug|iPhoneSimulator.ActiveCfg = Debug|Any CPU
		{E1270603-6091-416A-85C1-544D2A63DFD8}.Debug|iPhoneSimulator.Build.0 = Debug|Any CPU
		{E1270603-6091-416A-85C1-544D2A63DFD8}.Release|Any CPU.ActiveCfg = Release|Any CPU
		{E1270603-6091-416A-85C1-544D2A63DFD8}.Release|Any CPU.Build.0 = Release|Any CPU
		{E1270603-6091-416A-85C1-544D2A63DFD8}.Release|iPhone.ActiveCfg = Release|Any CPU
		{E1270603-6091-416A-85C1-544D2A63DFD8}.Release|iPhone.Build.0 = Release|Any CPU
		{E1270603-6091-416A-85C1-544D2A63DFD8}.Release|iPhoneSimulator.ActiveCfg = Release|Any CPU
		{E1270603-6091-416A-85C1-544D2A63DFD8}.Release|iPhoneSimulator.Build.0 = Release|Any CPU
	EndGlobalSection
	GlobalSection(NestedProjects) = preSolution
		{68578DC9-FC20-468F-8D92-4C21F30AAC97} = {2721FA08-160E-4BD0-AF61-7B9C8375BEBE}
		{86C9837D-421D-4F01-89EB-9D1592ECE5E2} = {2721FA08-160E-4BD0-AF61-7B9C8375BEBE}
		{BF1048B2-E2F9-40F6-B728-DC6DD0C66494} = {2721FA08-160E-4BD0-AF61-7B9C8375BEBE}
		{4CFE58D9-5C94-4D5F-A0EA-61D2B5A26199} = {2721FA08-160E-4BD0-AF61-7B9C8375BEBE}
		{6F66213C-631E-4989-A97B-C55C6A732569} = {2721FA08-160E-4BD0-AF61-7B9C8375BEBE}
		{10DCE90B-B40B-4458-B544-8008592B075C} = {2721FA08-160E-4BD0-AF61-7B9C8375BEBE}
	EndGlobalSection
EndGlobal
